
Microsoft Visual Studio Solution File, Format Version 12.00
# Visual Studio Version 17
VisualStudioVersion = 17.1.32210.238
MinimumVisualStudioVersion = 10.0.40219.1
Project("{FAE04EC0-301F-11D3-BF4B-00C04F79EFBC}") = "AulaIbrf", "AulaIbrf\AulaIbrf.csproj", "{FCB8DDA3-5ACF-4988-A036-533B67A03C30}"
EndProject
Global
	GlobalSection(SolutionConfigurationPlatforms) = preSolution
		Debug|Any CPU = Debug|Any CPU
		Release|Any CPU = Release|Any CPU
	EndGlobalSection
	GlobalSection(ProjectConfigurationPlatforms) = postSolution
		{FCB8DDA3-5ACF-4988-A036-533B67A03C30}.Debug|Any CPU.ActiveCfg = Debug|Any CPU
		{FCB8DDA3-5ACF-4988-A036-533B67A03C30}.Debug|Any CPU.Build.0 = Debug|Any CPU
		{FCB8DDA3-5ACF-4988-A036-533B67A03C30}.Release|Any CPU.ActiveCfg = Release|Any CPU
		{FCB8DDA3-5ACF-4988-A036-533B67A03C30}.Release|Any CPU.Build.0 = Release|Any CPU
	EndGlobalSection
	GlobalSection(SolutionProperties) = preSolution
		HideSolutionNode = FALSE
	EndGlobalSection
	GlobalSection(ExtensibilityGlobals) = postSolution
		SolutionGuid = {B84AD69B-BA31-45EF-B434-68004974CB46}
	EndGlobalSection
EndGlobal
